
Microsoft Visual Studio Solution File, Format Version 12.00
# Visual Studio Version 17
VisualStudioVersion = 17.5.002.0
MinimumVisualStudioVersion = 10.0.40219.1
Project("{9A19103F-16F7-4668-BE54-9A1E7A4F7556}") = "La nele²", "La nele².csproj", "{C741EC26-C28B-4BFA-86DD-071B8D6728CC}"
EndProject
Global
	GlobalSection(SolutionConfigurationPlatforms) = preSolution
		Debug|Any CPU = Debug|Any CPU
		Release|Any CPU = Release|Any CPU
	EndGlobalSection
	GlobalSection(ProjectConfigurationPlatforms) = postSolution
		{C741EC26-C28B-4BFA-86DD-071B8D6728CC}.Debug|Any CPU.ActiveCfg = Debug|Any CPU
		{C741EC26-C28B-4BFA-86DD-071B8D6728CC}.Debug|Any CPU.Build.0 = Debug|Any CPU
		{C741EC26-C28B-4BFA-86DD-071B8D6728CC}.Release|Any CPU.ActiveCfg = Release|Any CPU
		{C741EC26-C28B-4BFA-86DD-071B8D6728CC}.Release|Any CPU.Build.0 = Release|Any CPU
	EndGlobalSection
	GlobalSection(SolutionProperties) = preSolution
		HideSolutionNode = FALSE
	EndGlobalSection
	GlobalSection(ExtensibilityGlobals) = postSolution
		SolutionGuid = {EAAC6D3A-8863-43BE-9E6A-BA57E54313C7}
	EndGlobalSection
EndGlobal
